
Microsoft Visual Studio Solution File, Format Version 12.00
# Visual Studio Version 17
VisualStudioVersion = 17.4.33213.308
MinimumVisualStudioVersion = 10.0.40219.1
Project("{FAE04EC0-301F-11D3-BF4B-00C04F79EFBC}") = "Credit_Ex2", "Credit_Ex2\Credit_Ex2.csproj", "{426F04D1-9508-47EC-8DCE-0C23C808C56A}"
EndProject
Global
	GlobalSection(SolutionConfigurationPlatforms) = preSolution
		Debug|Any CPU = Debug|Any CPU
		Release|Any CPU = Release|Any CPU
	EndGlobalSection
	GlobalSection(ProjectConfigurationPlatforms) = postSolution
		{426F04D1-9508-47EC-8DCE-0C23C808C56A}.Debug|Any CPU.ActiveCfg = Debug|Any CPU
		{426F04D1-9508-47EC-8DCE-0C23C808C56A}.Debug|Any CPU.Build.0 = Debug|Any CPU
		{426F04D1-9508-47EC-8DCE-0C23C808C56A}.Release|Any CPU.ActiveCfg = Release|Any CPU
		{426F04D1-9508-47EC-8DCE-0C23C808C56A}.Release|Any CPU.Build.0 = Release|Any CPU
	EndGlobalSection
	GlobalSection(SolutionProperties) = preSolution
		HideSolutionNode = FALSE
	EndGlobalSection
	GlobalSection(ExtensibilityGlobals) = postSolution
		SolutionGuid = {6A85F4A8-C757-4474-A2A9-85ACB14A9637}
	EndGlobalSection
EndGlobal
