
Microsoft Visual Studio Solution File, Format Version 12.00
# Visual Studio Version 17
VisualStudioVersion = 17.4.33213.308
MinimumVisualStudioVersion = 10.0.40219.1
Project("{FAE04EC0-301F-11D3-BF4B-00C04F79EFBC}") = "CreditTask_Ex1", "CreditTask_Ex1\CreditTask_Ex1.csproj", "{4E19B640-3E04-429A-97AD-469C99752A54}"
EndProject
Global
	GlobalSection(SolutionConfigurationPlatforms) = preSolution
		Debug|Any CPU = Debug|Any CPU
		Release|Any CPU = Release|Any CPU
	EndGlobalSection
	GlobalSection(ProjectConfigurationPlatforms) = postSolution
		{4E19B640-3E04-429A-97AD-469C99752A54}.Debug|Any CPU.ActiveCfg = Debug|Any CPU
		{4E19B640-3E04-429A-97AD-469C99752A54}.Debug|Any CPU.Build.0 = Debug|Any CPU
		{4E19B640-3E04-429A-97AD-469C99752A54}.Release|Any CPU.ActiveCfg = Release|Any CPU
		{4E19B640-3E04-429A-97AD-469C99752A54}.Release|Any CPU.Build.0 = Release|Any CPU
	EndGlobalSection
	GlobalSection(SolutionProperties) = preSolution
		HideSolutionNode = FALSE
	EndGlobalSection
	GlobalSection(ExtensibilityGlobals) = postSolution
		SolutionGuid = {CBB264C4-35EC-46F2-A8C7-7EA08428FD13}
	EndGlobalSection
EndGlobal
